
Microsoft Visual Studio Solution File, Format Version 12.00
# Visual Studio Version 17
VisualStudioVersion = 17.5.33516.290
MinimumVisualStudioVersion = 10.0.40219.1
Project("{FAE04EC0-301F-11D3-BF4B-00C04F79EFBC}") = "FunctionApp1", "FunctionApp1\FunctionApp1.csproj", "{FC63D3BC-E551-4F90-9A22-033906481F2F}"
EndProject
Global
	GlobalSection(SolutionConfigurationPlatforms) = preSolution
		Debug|Any CPU = Debug|Any CPU
		Release|Any CPU = Release|Any CPU
	EndGlobalSection
	GlobalSection(ProjectConfigurationPlatforms) = postSolution
		{FC63D3BC-E551-4F90-9A22-033906481F2F}.Debug|Any CPU.ActiveCfg = Debug|Any CPU
		{FC63D3BC-E551-4F90-9A22-033906481F2F}.Debug|Any CPU.Build.0 = Debug|Any CPU
		{FC63D3BC-E551-4F90-9A22-033906481F2F}.Release|Any CPU.ActiveCfg = Release|Any CPU
		{FC63D3BC-E551-4F90-9A22-033906481F2F}.Release|Any CPU.Build.0 = Release|Any CPU
	EndGlobalSection
	GlobalSection(SolutionProperties) = preSolution
		HideSolutionNode = FALSE
	EndGlobalSection
	GlobalSection(ExtensibilityGlobals) = postSolution
		SolutionGuid = {48E82D60-A34F-446D-830E-D7AE016E2EF9}
	EndGlobalSection
EndGlobal
