
Microsoft Visual Studio Solution File, Format Version 12.00
# Visual Studio Version 17
VisualStudioVersion = 17.5.33516.290
MinimumVisualStudioVersion = 10.0.40219.1
Project("{FAE04EC0-301F-11D3-BF4B-00C04F79EFBC}") = "LogAnalyticsApp", "LogAnalyticsApp\LogAnalyticsApp.csproj", "{77979897-711E-4B9A-9D58-3EFE0211E3A0}"
EndProject
Global
	GlobalSection(SolutionConfigurationPlatforms) = preSolution
		Debug|Any CPU = Debug|Any CPU
		Release|Any CPU = Release|Any CPU
	EndGlobalSection
	GlobalSection(ProjectConfigurationPlatforms) = postSolution
		{77979897-711E-4B9A-9D58-3EFE0211E3A0}.Debug|Any CPU.ActiveCfg = Debug|Any CPU
		{77979897-711E-4B9A-9D58-3EFE0211E3A0}.Debug|Any CPU.Build.0 = Debug|Any CPU
		{77979897-711E-4B9A-9D58-3EFE0211E3A0}.Release|Any CPU.ActiveCfg = Release|Any CPU
		{77979897-711E-4B9A-9D58-3EFE0211E3A0}.Release|Any CPU.Build.0 = Release|Any CPU
	EndGlobalSection
	GlobalSection(SolutionProperties) = preSolution
		HideSolutionNode = FALSE
	EndGlobalSection
	GlobalSection(ExtensibilityGlobals) = postSolution
		SolutionGuid = {773A55CB-E8D4-466F-A2EB-042F9EF7050F}
	EndGlobalSection
EndGlobal
